
Microsoft Visual Studio Solution File, Format Version 12.00
# Visual Studio Version 17
VisualStudioVersion = 17.5.33627.172
MinimumVisualStudioVersion = 10.0.40219.1
Project("{2150E333-8FDC-42A3-9474-1A3956D46DE8}") = "FoodTrackFrontEnd", "FoodTrackFrontEnd", "{F3E1B1FD-6624-4749-AFBB-9931ACD1E461}"
EndProject
Project("{9A19103F-16F7-4668-BE54-9A1E7A4F7556}") = "FoodTrack.Web", "FoodTrack.Web\FoodTrack.Web.csproj", "{96E21BD0-D9B3-421B-A66F-4DF39BFB656B}"
EndProject
Project("{2150E333-8FDC-42A3-9474-1A3956D46DE8}") = "Services", "Services", "{37236398-8A25-4EAE-97C9-0C81986C544C}"
EndProject
Project("{FAE04EC0-301F-11D3-BF4B-00C04F79EFBC}") = "FoodTrack.Services.ProductAPI", "FoodTrack.Services.ProductAPI\FoodTrack.Services.ProductAPI.csproj", "{E35019DE-220D-4301-B30B-5C317075ECC1}"
EndProject
Global
	GlobalSection(SolutionConfigurationPlatforms) = preSolution
		Debug|Any CPU = Debug|Any CPU
		Release|Any CPU = Release|Any CPU
	EndGlobalSection
	GlobalSection(ProjectConfigurationPlatforms) = postSolution
		{96E21BD0-D9B3-421B-A66F-4DF39BFB656B}.Debug|Any CPU.ActiveCfg = Debug|Any CPU
		{96E21BD0-D9B3-421B-A66F-4DF39BFB656B}.Debug|Any CPU.Build.0 = Debug|Any CPU
		{96E21BD0-D9B3-421B-A66F-4DF39BFB656B}.Release|Any CPU.ActiveCfg = Release|Any CPU
		{96E21BD0-D9B3-421B-A66F-4DF39BFB656B}.Release|Any CPU.Build.0 = Release|Any CPU
		{E35019DE-220D-4301-B30B-5C317075ECC1}.Debug|Any CPU.ActiveCfg = Debug|Any CPU
		{E35019DE-220D-4301-B30B-5C317075ECC1}.Debug|Any CPU.Build.0 = Debug|Any CPU
		{E35019DE-220D-4301-B30B-5C317075ECC1}.Release|Any CPU.ActiveCfg = Release|Any CPU
		{E35019DE-220D-4301-B30B-5C317075ECC1}.Release|Any CPU.Build.0 = Release|Any CPU
	EndGlobalSection
	GlobalSection(SolutionProperties) = preSolution
		HideSolutionNode = FALSE
	EndGlobalSection
	GlobalSection(NestedProjects) = preSolution
		{96E21BD0-D9B3-421B-A66F-4DF39BFB656B} = {F3E1B1FD-6624-4749-AFBB-9931ACD1E461}
		{E35019DE-220D-4301-B30B-5C317075ECC1} = {37236398-8A25-4EAE-97C9-0C81986C544C}
	EndGlobalSection
	GlobalSection(ExtensibilityGlobals) = postSolution
		SolutionGuid = {22659D28-710D-4D9B-B6AC-000BBA918F88}
	EndGlobalSection
EndGlobal
